{
  "name": "maps",
  "version": "1.0.0",
  "lockfileVersion": 2,
  "requires": true,
  "packages": {
    "": {
      "version": "1.0.0",
      "license": "ISC",
      "dependencies": {
        "@types/googlemaps": "^3.43.2",
        "faker": "^5.2.0"
      }
    },
    "node_modules/@types/googlemaps": {
      "version": "3.43.2",
      "resolved": "https://registry.npmjs.org/@types/googlemaps/-/googlemaps-3.43.2.tgz",
      "integrity": "sha512-qiu5rms7+bgLciKAXpRsxVB1P+Z6gbSxuO8tZfdyQV2k5e5L/7GjUI6Z69rMR+7YFmqU9vwOUglLQ6NJyP/K8g=="
    },
    "node_modules/faker": {
      "version": "5.2.0",
      "resolved": "https://registry.npmjs.org/faker/-/faker-5.2.0.tgz",
      "integrity": "sha512-UlrF1NNRIdzEPtBcy5l8JTlnXQZdz+4pQc3v2TAVocW39nnczCNQ0g0CBKgPGISJPzA2DqJVN1kdr+FCRFdN5g=="
    }
  },
  "dependencies": {
    "@types/googlemaps": {
      "version": "3.43.2",
      "resolved": "https://registry.npmjs.org/@types/googlemaps/-/googlemaps-3.43.2.tgz",
      "integrity": "sha512-qiu5rms7+bgLciKAXpRsxVB1P+Z6gbSxuO8tZfdyQV2k5e5L/7GjUI6Z69rMR+7YFmqU9vwOUglLQ6NJyP/K8g=="
    },
    "faker": {
      "version": "5.2.0",
      "resolved": "https://registry.npmjs.org/faker/-/faker-5.2.0.tgz",
      "integrity": "sha512-UlrF1NNRIdzEPtBcy5l8JTlnXQZdz+4pQc3v2TAVocW39nnczCNQ0g0CBKgPGISJPzA2DqJVN1kdr+FCRFdN5g=="
    }
  }
}
